
Microsoft Visual Studio Solution File, Format Version 10.00
# Visual C# Express 2008
Project("{FAE04EC0-301F-11D3-BF4B-00C04F79EFBC}") = "CursesSharp", "CursesSharp\CursesSharp.csproj", "{2FEF4990-95CB-42DF-984C-EFBA070652BF}"
EndProject
Project("{FAE04EC0-301F-11D3-BF4B-00C04F79EFBC}") = "FireworkDemo", "FireworkDemo\FireworkDemo.csproj", "{31EDB3C5-A819-4F8F-9316-0EBC1184418B}"
EndProject
Project("{FAE04EC0-301F-11D3-BF4B-00C04F79EFBC}") = "RainDemo", "RainDemo\RainDemo.csproj", "{40A9C7A5-DB28-49DB-927B-19F96EABE237}"
EndProject
Global
	GlobalSection(SolutionConfigurationPlatforms) = preSolution
		Debug|Mixed Platforms = Debug|Mixed Platforms
		Release|Mixed Platforms = Release|Mixed Platforms
	EndGlobalSection
	GlobalSection(ProjectConfigurationPlatforms) = postSolution
		{2FEF4990-95CB-42DF-984C-EFBA070652BF}.Debug|Mixed Platforms.ActiveCfg = Debug|x86
		{2FEF4990-95CB-42DF-984C-EFBA070652BF}.Debug|Mixed Platforms.Build.0 = Debug|x86
		{2FEF4990-95CB-42DF-984C-EFBA070652BF}.Release|Mixed Platforms.ActiveCfg = Release|x86
		{2FEF4990-95CB-42DF-984C-EFBA070652BF}.Release|Mixed Platforms.Build.0 = Release|x86
		{31EDB3C5-A819-4F8F-9316-0EBC1184418B}.Debug|Mixed Platforms.ActiveCfg = Debug|Any CPU
		{31EDB3C5-A819-4F8F-9316-0EBC1184418B}.Debug|Mixed Platforms.Build.0 = Debug|Any CPU
		{31EDB3C5-A819-4F8F-9316-0EBC1184418B}.Release|Mixed Platforms.ActiveCfg = Release|Any CPU
		{31EDB3C5-A819-4F8F-9316-0EBC1184418B}.Release|Mixed Platforms.Build.0 = Release|Any CPU
		{40A9C7A5-DB28-49DB-927B-19F96EABE237}.Debug|Mixed Platforms.ActiveCfg = Debug|Any CPU
		{40A9C7A5-DB28-49DB-927B-19F96EABE237}.Debug|Mixed Platforms.Build.0 = Debug|Any CPU
		{40A9C7A5-DB28-49DB-927B-19F96EABE237}.Release|Mixed Platforms.ActiveCfg = Release|Any CPU
		{40A9C7A5-DB28-49DB-927B-19F96EABE237}.Release|Mixed Platforms.Build.0 = Release|Any CPU
	EndGlobalSection
	GlobalSection(SolutionProperties) = preSolution
		HideSolutionNode = FALSE
	EndGlobalSection
EndGlobal
